// !$*UTF8*$!
{
	archiveVersion = 1;
	classes = {
	};
	objectVersion = 56;
	objects = {

/* Begin PBXBuildFile section */
		67F6AB302AD5DACE002D55F9 /* AppDelegate.swift in Sources */ = {isa = PBXBuildFile; fileRef = 67F6AB2F2AD5DACE002D55F9 /* AppDelegate.swift */; };
		67F6AB322AD5DACE002D55F9 /* SceneDelegate.swift in Sources */ = {isa = PBXBuildFile; fileRef = 67F6AB312AD5DACE002D55F9 /* SceneDelegate.swift */; };
		67F6AB342AD5DACE002D55F9 /* WishMakerViewController.swift in Sources */ = {isa = PBXBuildFile; fileRef = 67F6AB332AD5DACE002D55F9 /* WishMakerViewController.swift */; };
		67F6AB392AD5DACF002D55F9 /* Assets.xcassets in Resources */ = {isa = PBXBuildFile; fileRef = 67F6AB382AD5DACF002D55F9 /* Assets.xcassets */; };
		67F6AB3C2AD5DACF002D55F9 /* LaunchScreen.storyboard in Resources */ = {isa = PBXBuildFile; fileRef = 67F6AB3A2AD5DACF002D55F9 /* LaunchScreen.storyboard */; };
		67F6AB472AD5DACF002D55F9 /* ebukharev_1PW2Tests.swift in Sources */ = {isa = PBXBuildFile; fileRef = 67F6AB462AD5DACF002D55F9 /* ebukharev_1PW2Tests.swift */; };
		67F6AB512AD5DACF002D55F9 /* ebukharev_1PW2UITests.swift in Sources */ = {isa = PBXBuildFile; fileRef = 67F6AB502AD5DACF002D55F9 /* ebukharev_1PW2UITests.swift */; };
		67F6AB532AD5DACF002D55F9 /* ebukharev_1PW2UITestsLaunchTests.swift in Sources */ = {isa = PBXBuildFile; fileRef = 67F6AB522AD5DACF002D55F9 /* ebukharev_1PW2UITestsLaunchTests.swift */; };
		67F6AB602AD764F8002D55F9 /* CustomSlider.swift in Sources */ = {isa = PBXBuildFile; fileRef = 67F6AB5F2AD764F8002D55F9 /* CustomSlider.swift */; };
/* End PBXBuildFile section */

/* Begin PBXContainerItemProxy section */
		67F6AB432AD5DACF002D55F9 /* PBXContainerItemProxy */ = {
			isa = PBXContainerItemProxy;
			containerPortal = 67F6AB242AD5DACE002D55F9 /* Project object */;
			proxyType = 1;
			remoteGlobalIDString = 67F6AB2B2AD5DACE002D55F9;
			remoteInfo = ebukharev_1PW2;
		};
		67F6AB4D2AD5DACF002D55F9 /* PBXContainerItemProxy */ = {
			isa = PBXContainerItemProxy;
			containerPortal = 67F6AB242AD5DACE002D55F9 /* Project object */;
			proxyType = 1;
			remoteGlobalIDString = 67F6AB2B2AD5DACE002D55F9;
			remoteInfo = ebukharev_1PW2;
		};
/* End PBXContainerItemProxy section */

/* Begin PBXFileReference section */
		67F6AB2C2AD5DACE002D55F9 /* ebukharev_1PW2.app */ = {isa = PBXFileReference; explicitFileType = wrapper.application; includeInIndex = 0; path = ebukharev_1PW2.app; sourceTree = BUILT_PRODUCTS_DIR; };
		67F6AB2F2AD5DACE002D55F9 /* AppDelegate.swift */ = {isa = PBXFileReference; lastKnownFileType = sourcecode.swift; path = AppDelegate.swift; sourceTree = "<group>"; };
		67F6AB312AD5DACE002D55F9 /* SceneDelegate.swift */ = {isa = PBXFileReference; lastKnownFileType = sourcecode.swift; path = SceneDelegate.swift; sourceTree = "<group>"; };
		67F6AB332AD5DACE002D55F9 /* WishMakerViewController.swift */ = {isa = PBXFileReference; lastKnownFileType = sourcecode.swift; path = WishMakerViewController.swift; sourceTree = "<group>"; };
		67F6AB382AD5DACF002D55F9 /* Assets.xcassets */ = {isa = PBXFileReference; lastKnownFileType = folder.assetcatalog; path = Assets.xcassets; sourceTree = "<group>"; };
		67F6AB3B2AD5DACF002D55F9 /* Base */ = {isa = PBXFileReference; lastKnownFileType = file.storyboard; name = Base; path = Base.lproj/LaunchScreen.storyboard; sourceTree = "<group>"; };
		67F6AB3D2AD5DACF002D55F9 /* Info.plist */ = {isa = PBXFileReference; lastKnownFileType = text.plist.xml; path = Info.plist; sourceTree = "<group>"; };
		67F6AB422AD5DACF002D55F9 /* ebukharev_1PW2Tests.xctest */ = {isa = PBXFileReference; explicitFileType = wrapper.cfbundle; includeInIndex = 0; path = ebukharev_1PW2Tests.xctest; sourceTree = BUILT_PRODUCTS_DIR; };
		67F6AB462AD5DACF002D55F9 /* ebukharev_1PW2Tests.swift */ = {isa = PBXFileReference; lastKnownFileType = sourcecode.swift; path = ebukharev_1PW2Tests.swift; sourceTree = "<group>"; };
		67F6AB4C2AD5DACF002D55F9 /* ebukharev_1PW2UITests.xctest */ = {isa = PBXFileReference; explicitFileType = wrapper.cfbundle; includeInIndex = 0; path = ebukharev_1PW2UITests.xctest; sourceTree = BUILT_PRODUCTS_DIR; };
		67F6AB502AD5DACF002D55F9 /* ebukharev_1PW2UITests.swift */ = {isa = PBXFileReference; lastKnownFileType = sourcecode.swift; path = ebukharev_1PW2UITests.swift; sourceTree = "<group>"; };
		67F6AB522AD5DACF002D55F9 /* ebukharev_1PW2UITestsLaunchTests.swift */ = {isa = PBXFileReference; lastKnownFileType = sourcecode.swift; path = ebukharev_1PW2UITestsLaunchTests.swift; sourceTree = "<group>"; };
		67F6AB5F2AD764F8002D55F9 /* CustomSlider.swift */ = {isa = PBXFileReference; lastKnownFileType = sourcecode.swift; path = CustomSlider.swift; sourceTree = "<group>"; };
/* End PBXFileReference section */

/* Begin PBXFrameworksBuildPhase section */
		67F6AB292AD5DACE002D55F9 /* Frameworks */ = {
			isa = PBXFrameworksBuildPhase;
			buildActionMask = 2147483647;
			files = (
			);
			runOnlyForDeploymentPostprocessing = 0;
		};
		67F6AB3F2AD5DACF002D55F9 /* Frameworks */ = {
			isa = PBXFrameworksBuildPhase;
			buildActionMask = 2147483647;
			files = (
			);
			runOnlyForDeploymentPostprocessing = 0;
		};
		67F6AB492AD5DACF002D55F9 /* Frameworks */ = {
			isa = PBXFrameworksBuildPhase;
			buildActionMask = 2147483647;
			files = (
			);
			runOnlyForDeploymentPostprocessing = 0;
		};
/* End PBXFrameworksBuildPhase section */

/* Begin PBXGroup section */
		67F6AB232AD5DACE002D55F9 = {
			isa = PBXGroup;
			children = (
				67F6AB2E2AD5DACE002D55F9 /* ebukharev_1PW2 */,
				67F6AB4F2AD5DACF002D55F9 /* ebukharev_1PW2UITests */,
				67F6AB2D2AD5DACE002D55F9 /* Products */,
			);
			sourceTree = "<group>";
		};
		67F6AB2D2AD5DACE002D55F9 /* Products */ = {
			isa = PBXGroup;
			children = (
				67F6AB2C2AD5DACE002D55F9 /* ebukharev_1PW2.app */,
				67F6AB422AD5DACF002D55F9 /* ebukharev_1PW2Tests.xctest */,
				67F6AB4C2AD5DACF002D55F9 /* ebukharev_1PW2UITests.xctest */,
			);
			name = Products;
			sourceTree = "<group>";
		};
		67F6AB2E2AD5DACE002D55F9 /* ebukharev_1PW2 */ = {
			isa = PBXGroup;
			children = (
				67F6AB2F2AD5DACE002D55F9 /* AppDelegate.swift */,
				67F6AB312AD5DACE002D55F9 /* SceneDelegate.swift */,
				67F6AB332AD5DACE002D55F9 /* WishMakerViewController.swift */,
				67F6AB5F2AD764F8002D55F9 /* CustomSlider.swift */,
				67F6AB452AD5DACF002D55F9 /* ebukharev_1PW2Tests */,
				67F6AB382AD5DACF002D55F9 /* Assets.xcassets */,
				67F6AB3A2AD5DACF002D55F9 /* LaunchScreen.storyboard */,
				67F6AB3D2AD5DACF002D55F9 /* Info.plist */,
			);
			path = ebukharev_1PW2;
			sourceTree = "<group>";
		};
		67F6AB452AD5DACF002D55F9 /* ebukharev_1PW2Tests */ = {
			isa = PBXGroup;
			children = (
				67F6AB462AD5DACF002D55F9 /* ebukharev_1PW2Tests.swift */,
			);
			path = ebukharev_1PW2Tests;
			sourceTree = "<group>";
		};
		67F6AB4F2AD5DACF002D55F9 /* ebukharev_1PW2UITests */ = {
			isa = PBXGroup;
			children = (
				67F6AB502AD5DACF002D55F9 /* ebukharev_1PW2UITests.swift */,
				67F6AB522AD5DACF002D55F9 /* ebukharev_1PW2UITestsLaunchTests.swift */,
			);
			path = ebukharev_1PW2UITests;
			sourceTree = "<group>";
		};
/* End PBXGroup section */

/* Begin PBXNativeTarget section */
		67F6AB2B2AD5DACE002D55F9 /* ebukharev_1PW2 */ = {
			isa = PBXNativeTarget;
			buildConfigurationList = 67F6AB562AD5DACF002D55F9 /* Build configuration list for PBXNativeTarget "ebukharev_1PW2" */;
			buildPhases = (
				67F6AB282AD5DACE002D55F9 /* Sources */,
				67F6AB292AD5DACE002D55F9 /* Frameworks */,
				67F6AB2A2AD5DACE002D55F9 /* Resources */,
			);
			buildRules = (
			);
			dependencies = (
			);
			name = ebukharev_1PW2;
			productName = ebukharev_1PW2;
			productReference = 67F6AB2C2AD5DACE002D55F9 /* ebukharev_1PW2.app */;
			productType = "com.apple.product-type.application";
		};
		67F6AB412AD5DACF002D55F9 /* ebukharev_1PW2Tests */ = {
			isa = PBXNativeTarget;
			buildConfigurationList = 67F6AB592AD5DACF002D55F9 /* Build configuration list for PBXNativeTarget "ebukharev_1PW2Tests" */;
			buildPhases = (
				67F6AB3E2AD5DACF002D55F9 /* Sources */,
				67F6AB3F2AD5DACF002D55F9 /* Frameworks */,
				67F6AB402AD5DACF002D55F9 /* Resources */,
			);
			buildRules = (
			);
			dependencies = (
				67F6AB442AD5DACF002D55F9 /* PBXTargetDependency */,
			);
			name = ebukharev_1PW2Tests;
			productName = ebukharev_1PW2Tests;
			productReference = 67F6AB422AD5DACF002D55F9 /* ebukharev_1PW2Tests.xctest */;
			productType = "com.apple.product-type.bundle.unit-test";
		};
		67F6AB4B2AD5DACF002D55F9 /* ebukharev_1PW2UITests */ = {
			isa = PBXNativeTarget;
			buildConfigurationList = 67F6AB5C2AD5DACF002D55F9 /* Build configuration list for PBXNativeTarget "ebukharev_1PW2UITests" */;
			buildPhases = (
				67F6AB482AD5DACF002D55F9 /* Sources */,
				67F6AB492AD5DACF002D55F9 /* Frameworks */,
				67F6AB4A2AD5DACF002D55F9 /* Resources */,
			);
			buildRules = (
			);
			dependencies = (
				67F6AB4E2AD5DACF002D55F9 /* PBXTargetDependency */,
			);
			name = ebukharev_1PW2UITests;
			productName = ebukharev_1PW2UITests;
			productReference = 67F6AB4C2AD5DACF002D55F9 /* ebukharev_1PW2UITests.xctest */;
			productType = "com.apple.product-type.bundle.ui-testing";
		};
/* End PBXNativeTarget section */

/* Begin PBXProject section */
		67F6AB242AD5DACE002D55F9 /* Project object */ = {
			isa = PBXProject;
			attributes = {
				BuildIndependentTargetsInParallel = 1;
				LastSwiftUpdateCheck = 1500;
				LastUpgradeCheck = 1500;
				TargetAttributes = {
					67F6AB2B2AD5DACE002D55F9 = {
						CreatedOnToolsVersion = 15.0;
					};
					67F6AB412AD5DACF002D55F9 = {
						CreatedOnToolsVersion = 15.0;
						TestTargetID = 67F6AB2B2AD5DACE002D55F9;
					};
					67F6AB4B2AD5DACF002D55F9 = {
						CreatedOnToolsVersion = 15.0;
						TestTargetID = 67F6AB2B2AD5DACE002D55F9;
					};
				};
			};
			buildConfigurationList = 67F6AB272AD5DACE002D55F9 /* Build configuration list for PBXProject "ebukharev_1PW2" */;
			compatibilityVersion = "Xcode 14.0";
			developmentRegion = en;
			hasScannedForEncodings = 0;
			knownRegions = (
				en,
				Base,
			);
			mainGroup = 67F6AB232AD5DACE002D55F9;
			productRefGroup = 67F6AB2D2AD5DACE002D55F9 /* Products */;
			projectDirPath = "";
			projectRoot = "";
			targets = (
				67F6AB2B2AD5DACE002D55F9 /* ebukharev_1PW2 */,
				67F6AB412AD5DACF002D55F9 /* ebukharev_1PW2Tests */,
				67F6AB4B2AD5DACF002D55F9 /* ebukharev_1PW2UITests */,
			);
		};
/* End PBXProject section */

/* Begin PBXResourcesBuildPhase section */
		67F6AB2A2AD5DACE002D55F9 /* Resources */ = {
			isa = PBXResourcesBuildPhase;
			buildActionMask = 2147483647;
			files = (
				67F6AB3C2AD5DACF002D55F9 /* LaunchScreen.storyboard in Resources */,
				67F6AB392AD5DACF002D55F9 /* Assets.xcassets in Resources */,
			);
			runOnlyForDeploymentPostprocessing = 0;
		};
		67F6AB402AD5DACF002D55F9 /* Resources */ = {
			isa = PBXResourcesBuildPhase;
			buildActionMask = 2147483647;
			files = (
			);
			runOnlyForDeploymentPostprocessing = 0;
		};
		67F6AB4A2AD5DACF002D55F9 /* Resources */ = {
			isa = PBXResourcesBuildPhase;
			buildActionMask = 2147483647;
			files = (
			);
			runOnlyForDeploymentPostprocessing = 0;
		};
/* End PBXResourcesBuildPhase section */

/* Begin PBXSourcesBuildPhase section */
		67F6AB282AD5DACE002D55F9 /* Sources */ = {
			isa = PBXSourcesBuildPhase;
			buildActionMask = 2147483647;
			files = (
				67F6AB342AD5DACE002D55F9 /* WishMakerViewController.swift in Sources */,
				67F6AB302AD5DACE002D55F9 /* AppDelegate.swift in Sources */,
				67F6AB322AD5DACE002D55F9 /* SceneDelegate.swift in Sources */,
				67F6AB602AD764F8002D55F9 /* CustomSlider.swift in Sources */,
			);
			runOnlyForDeploymentPostprocessing = 0;
		};
		67F6AB3E2AD5DACF002D55F9 /* Sources */ = {
			isa = PBXSourcesBuildPhase;
			buildActionMask = 2147483647;
			files = (
				67F6AB472AD5DACF002D55F9 /* ebukharev_1PW2Tests.swift in Sources */,
			);
			runOnlyForDeploymentPostprocessing = 0;
		};
		67F6AB482AD5DACF002D55F9 /* Sources */ = {
			isa = PBXSourcesBuildPhase;
			buildActionMask = 2147483647;
			files = (
				67F6AB532AD5DACF002D55F9 /* ebukharev_1PW2UITestsLaunchTests.swift in Sources */,
				67F6AB512AD5DACF002D55F9 /* ebukharev_1PW2UITests.swift in Sources */,
			);
			runOnlyForDeploymentPostprocessing = 0;
		};
/* End PBXSourcesBuildPhase section */

/* Begin PBXTargetDependency section */
		67F6AB442AD5DACF002D55F9 /* PBXTargetDependency */ = {
			isa = PBXTargetDependency;
			target = 67F6AB2B2AD5DACE002D55F9 /* ebukharev_1PW2 */;
			targetProxy = 67F6AB432AD5DACF002D55F9 /* PBXContainerItemProxy */;
		};
		67F6AB4E2AD5DACF002D55F9 /* PBXTargetDependency */ = {
			isa = PBXTargetDependency;
			target = 67F6AB2B2AD5DACE002D55F9 /* ebukharev_1PW2 */;
			targetProxy = 67F6AB4D2AD5DACF002D55F9 /* PBXContainerItemProxy */;
		};
/* End PBXTargetDependency section */

/* Begin PBXVariantGroup section */
		67F6AB3A2AD5DACF002D55F9 /* LaunchScreen.storyboard */ = {
			isa = PBXVariantGroup;
			children = (
				67F6AB3B2AD5DACF002D55F9 /* Base */,
			);
			name = LaunchScreen.storyboard;
			sourceTree = "<group>";
		};
/* End PBXVariantGroup section */

/* Begin XCBuildConfiguration section */
		67F6AB542AD5DACF002D55F9 /* Debug */ = {
			isa = XCBuildConfiguration;
			buildSettings = {
				ALWAYS_SEARCH_USER_PATHS = NO;
				ASSETCATALOG_COMPILER_GENERATE_SWIFT_ASSET_SYMBOL_EXTENSIONS = YES;
				CLANG_ANALYZER_NONNULL = YES;
				CLANG_ANALYZER_NUMBER_OBJECT_CONVERSION = YES_AGGRESSIVE;
				CLANG_CXX_LANGUAGE_STANDARD = "gnu++20";
				CLANG_ENABLE_MODULES = YES;
				CLANG_ENABLE_OBJC_ARC = YES;
				CLANG_ENABLE_OBJC_WEAK = YES;
				CLANG_WARN_BLOCK_CAPTURE_AUTORELEASING = YES;
				CLANG_WARN_BOOL_CONVERSION = YES;
				CLANG_WARN_COMMA = YES;
				CLANG_WARN_CONSTANT_CONVERSION = YES;
				CLANG_WARN_DEPRECATED_OBJC_IMPLEMENTATIONS = YES;
				CLANG_WARN_DIRECT_OBJC_ISA_USAGE = YES_ERROR;
				CLANG_WARN_DOCUMENTATION_COMMENTS = YES;
				CLANG_WARN_EMPTY_BODY = YES;
				CLANG_WARN_ENUM_CONVERSION = YES;
				CLANG_WARN_INFINITE_RECURSION = YES;
				CLANG_WARN_INT_CONVERSION = YES;
				CLANG_WARN_NON_LITERAL_NULL_CONVERSION = YES;
				CLANG_WARN_OBJC_IMPLICIT_RETAIN_SELF = YES;
				CLANG_WARN_OBJC_LITERAL_CONVERSION = YES;
				CLANG_WARN_OBJC_ROOT_CLASS = YES_ERROR;
				CLANG_WARN_QUOTED_INCLUDE_IN_FRAMEWORK_HEADER = YES;
				CLANG_WARN_RANGE_LOOP_ANALYSIS = YES;
				CLANG_WARN_STRICT_PROTOTYPES = YES;
				CLANG_WARN_SUSPICIOUS_MOVE = YES;
				CLANG_WARN_UNGUARDED_AVAILABILITY = YES_AGGRESSIVE;
				CLANG_WARN_UNREACHABLE_CODE = YES;
				CLANG_WARN__DUPLICATE_METHOD_MATCH = YES;
				COPY_PHASE_STRIP = NO;
				DEBUG_INFORMATION_FORMAT = dwarf;
				ENABLE_STRICT_OBJC_MSGSEND = YES;
				ENABLE_TESTABILITY = YES;
				ENABLE_USER_SCRIPT_SANDBOXING = YES;
				GCC_C_LANGUAGE_STANDARD = gnu17;
				GCC_DYNAMIC_NO_PIC = NO;
				GCC_NO_COMMON_BLOCKS = YES;
				GCC_OPTIMIZATION_LEVEL = 0;
				GCC_PREPROCESSOR_DEFINITIONS = (
					"DEBUG=1",
					"$(inherited)",
				);
				GCC_WARN_64_TO_32_BIT_CONVERSION = YES;
				GCC_WARN_ABOUT_RETURN_TYPE = YES_ERROR;
				GCC_WARN_UNDECLARED_SELECTOR = YES;
				GCC_WARN_UNINITIALIZED_AUTOS = YES_AGGRESSIVE;
				GCC_WARN_UNUSED_FUNCTION = YES;
				GCC_WARN_UNUSED_VARIABLE = YES;
				IPHONEOS_DEPLOYMENT_TARGET = 17.0;
				LOCALIZATION_PREFERS_STRING_CATALOGS = YES;
				MTL_ENABLE_DEBUG_INFO = INCLUDE_SOURCE;
				MTL_FAST_MATH = YES;
				ONLY_ACTIVE_ARCH = YES;
				SDKROOT = iphoneos;
				SWIFT_ACTIVE_COMPILATION_CONDITIONS = "DEBUG $(inherited)";
				SWIFT_OPTIMIZATION_LEVEL = "-Onone";
			};
			name = Debug;
		};
		67F6AB552AD5DACF002D55F9 /* Release */ = {
			isa = XCBuildConfiguration;
			buildSettings = {
				ALWAYS_SEARCH_USER_PATHS = NO;
				ASSETCATALOG_COMPILER_GENERATE_SWIFT_ASSET_SYMBOL_EXTENSIONS = YES;
				CLANG_ANALYZER_NONNULL = YES;
				CLANG_ANALYZER_NUMBER_OBJECT_CONVERSION = YES_AGGRESSIVE;
				CLANG_CXX_LANGUAGE_STANDARD = "gnu++20";
				CLANG_ENABLE_MODULES = YES;
				CLANG_ENABLE_OBJC_ARC = YES;
				CLANG_ENABLE_OBJC_WEAK = YES;
				CLANG_WARN_BLOCK_CAPTURE_AUTORELEASING = YES;
				CLANG_WARN_BOOL_CONVERSION = YES;
				CLANG_WARN_COMMA = YES;
				CLANG_WARN_CONSTANT_CONVERSION = YES;
				CLANG_WARN_DEPRECATED_OBJC_IMPLEMENTATIONS = YES;
				CLANG_WARN_DIRECT_OBJC_ISA_USAGE = YES_ERROR;
				CLANG_WARN_DOCUMENTATION_COMMENTS = YES;
				CLANG_WARN_EMPTY_BODY = YES;
				CLANG_WARN_ENUM_CONVERSION = YES;
				CLANG_WARN_INFINITE_RECURSION = YES;
				CLANG_WARN_INT_CONVERSION = YES;
				CLANG_WARN_NON_LITERAL_NULL_CONVERSION = YES;
				CLANG_WARN_OBJC_IMPLICIT_RETAIN_SELF = YES;
				CLANG_WARN_OBJC_LITERAL_CONVERSION = YES;
				CLANG_WARN_OBJC_ROOT_CLASS = YES_ERROR;
				CLANG_WARN_QUOTED_INCLUDE_IN_FRAMEWORK_HEADER = YES;
				CLANG_WARN_RANGE_LOOP_ANALYSIS = YES;
				CLANG_WARN_STRICT_PROTOTYPES = YES;
				CLANG_WARN_SUSPICIOUS_MOVE = YES;
				CLANG_WARN_UNGUARDED_AVAILABILITY = YES_AGGRESSIVE;
				CLANG_WARN_UNREACHABLE_CODE = YES;
				CLANG_WARN__DUPLICATE_METHOD_MATCH = YES;
				COPY_PHASE_STRIP = NO;
				DEBUG_INFORMATION_FORMAT = "dwarf-with-dsym";
				ENABLE_NS_ASSERTIONS = NO;
				ENABLE_STRICT_OBJC_MSGSEND = YES;
				ENABLE_USER_SCRIPT_SANDBOXING = YES;
				GCC_C_LANGUAGE_STANDARD = gnu17;
				GCC_NO_COMMON_BLOCKS = YES;
				GCC_WARN_64_TO_32_BIT_CONVERSION = YES;
				GCC_WARN_ABOUT_RETURN_TYPE = YES_ERROR;
				GCC_WARN_UNDECLARED_SELECTOR = YES;
				GCC_WARN_UNINITIALIZED_AUTOS = YES_AGGRESSIVE;
				GCC_WARN_UNUSED_FUNCTION = YES;
				GCC_WARN_UNUSED_VARIABLE = YES;
				IPHONEOS_DEPLOYMENT_TARGET = 17.0;
				LOCALIZATION_PREFERS_STRING_CATALOGS = YES;
				MTL_ENABLE_DEBUG_INFO = NO;
				MTL_FAST_MATH = YES;
				SDKROOT = iphoneos;
				SWIFT_COMPILATION_MODE = wholemodule;
				VALIDATE_PRODUCT = YES;
			};
			name = Release;
		};
		67F6AB572AD5DACF002D55F9 /* Debug */ = {
			isa = XCBuildConfiguration;
			buildSettings = {
				ASSETCATALOG_COMPILER_APPICON_NAME = AppIcon;
				ASSETCATALOG_COMPILER_GLOBAL_ACCENT_COLOR_NAME = AccentColor;
				CODE_SIGN_STYLE = Automatic;
				CURRENT_PROJECT_VERSION = 1;
				GENERATE_INFOPLIST_FILE = YES;
				INFOPLIST_FILE = ebukharev_1PW2/Info.plist;
				INFOPLIST_KEY_UIApplicationSupportsIndirectInputEvents = YES;
				INFOPLIST_KEY_UILaunchStoryboardName = LaunchScreen;
				INFOPLIST_KEY_UIMainStoryboardFile = "";
				INFOPLIST_KEY_UISupportedInterfaceOrientations_iPad = "UIInterfaceOrientationPortrait UIInterfaceOrientationPortraitUpsideDown UIInterfaceOrientationLandscapeLeft UIInterfaceOrientationLandscapeRight";
				INFOPLIST_KEY_UISupportedInterfaceOrientations_iPhone = "UIInterfaceOrientationPortrait UIInterfaceOrientationLandscapeLeft UIInterfaceOrientationLandscapeRight";
				IPHONEOS_DEPLOYMENT_TARGET = 13;
				LD_RUNPATH_SEARCH_PATHS = (
					"$(inherited)",
					"@executable_path/Frameworks",
				);
				MARKETING_VERSION = 1.0;
				PRODUCT_BUNDLE_IDENTIFIER = "EmpireProd.ebukharev-1PW2";
				PRODUCT_NAME = "$(TARGET_NAME)";
				SWIFT_EMIT_LOC_STRINGS = YES;
				SWIFT_VERSION = 5.0;
				TARGETED_DEVICE_FAMILY = "1,2";
			};
			name = Debug;
		};
		67F6AB582AD5DACF002D55F9 /* Release */ = {
			isa = XCBuildConfiguration;
			buildSettings = {
				ASSETCATALOG_COMPILER_APPICON_NAME = AppIcon;
				ASSETCATALOG_COMPILER_GLOBAL_ACCENT_COLOR_NAME = AccentColor;
				CODE_SIGN_STYLE = Automatic;
				CURRENT_PROJECT_VERSION = 1;
				GENERATE_INFOPLIST_FILE = YES;
				INFOPLIST_FILE = ebukharev_1PW2/Info.plist;
				INFOPLIST_KEY_UIApplicationSupportsIndirectInputEvents = YES;
				INFOPLIST_KEY_UILaunchStoryboardName = LaunchScreen;
				INFOPLIST_KEY_UIMainStoryboardFile = "";
				INFOPLIST_KEY_UISupportedInterfaceOrientations_iPad = "UIInterfaceOrientationPortrait UIInterfaceOrientationPortraitUpsideDown UIInterfaceOrientationLandscapeLeft UIInterfaceOrientationLandscapeRight";
				INFOPLIST_KEY_UISupportedInterfaceOrientations_iPhone = "UIInterfaceOrientationPortrait UIInterfaceOrientationLandscapeLeft UIInterfaceOrientationLandscapeRight";
				IPHONEOS_DEPLOYMENT_TARGET = 13;
				LD_RUNPATH_SEARCH_PATHS = (
					"$(inherited)",
					"@executable_path/Frameworks",
				);
				MARKETING_VERSION = 1.0;
				PRODUCT_BUNDLE_IDENTIFIER = "EmpireProd.ebukharev-1PW2";
				PRODUCT_NAME = "$(TARGET_NAME)";
				SWIFT_EMIT_LOC_STRINGS = YES;
				SWIFT_VERSION = 5.0;
				TARGETED_DEVICE_FAMILY = "1,2";
			};
			name = Release;
		};
		67F6AB5A2AD5DACF002D55F9 /* Debug */ = {
			isa = XCBuildConfiguration;
			buildSettings = {
				ALWAYS_EMBED_SWIFT_STANDARD_LIBRARIES = YES;
				BUNDLE_LOADER = "$(TEST_HOST)";
				CODE_SIGN_STYLE = Automatic;
				CURRENT_PROJECT_VERSION = 1;
				GENERATE_INFOPLIST_FILE = YES;
				IPHONEOS_DEPLOYMENT_TARGET = 17.0;
				MARKETING_VERSION = 1.0;
				PRODUCT_BUNDLE_IDENTIFIER = "EmpireProd.ebukharev-1PW2Tests";
				PRODUCT_NAME = "$(TARGET_NAME)";
				SWIFT_EMIT_LOC_STRINGS = NO;
				SWIFT_VERSION = 5.0;
				TARGETED_DEVICE_FAMILY = "1,2";
				TEST_HOST = "$(BUILT_PRODUCTS_DIR)/ebukharev_1PW2.app/$(BUNDLE_EXECUTABLE_FOLDER_PATH)/ebukharev_1PW2";
			};
			name = Debug;
		};
		67F6AB5B2AD5DACF002D55F9 /* Release */ = {
			isa = XCBuildConfiguration;
			buildSettings = {
				ALWAYS_EMBED_SWIFT_STANDARD_LIBRARIES = YES;
				BUNDLE_LOADER = "$(TEST_HOST)";
				CODE_SIGN_STYLE = Automatic;
				CURRENT_PROJECT_VERSION = 1;
				GENERATE_INFOPLIST_FILE = YES;
				IPHONEOS_DEPLOYMENT_TARGET = 17.0;
				MARKETING_VERSION = 1.0;
				PRODUCT_BUNDLE_IDENTIFIER = "EmpireProd.ebukharev-1PW2Tests";
				PRODUCT_NAME = "$(TARGET_NAME)";
				SWIFT_EMIT_LOC_STRINGS = NO;
				SWIFT_VERSION = 5.0;
				TARGETED_DEVICE_FAMILY = "1,2";
				TEST_HOST = "$(BUILT_PRODUCTS_DIR)/ebukharev_1PW2.app/$(BUNDLE_EXECUTABLE_FOLDER_PATH)/ebukharev_1PW2";
			};
			name = Release;
		};
		67F6AB5D2AD5DACF002D55F9 /* Debug */ = {
			isa = XCBuildConfiguration;
			buildSettings = {
				ALWAYS_EMBED_SWIFT_STANDARD_LIBRARIES = YES;
				CODE_SIGN_STYLE = Automatic;
				CURRENT_PROJECT_VERSION = 1;
				GENERATE_INFOPLIST_FILE = YES;
				MARKETING_VERSION = 1.0;
				PRODUCT_BUNDLE_IDENTIFIER = "EmpireProd.ebukharev-1PW2UITests";
				PRODUCT_NAME = "$(TARGET_NAME)";
				SWIFT_EMIT_LOC_STRINGS = NO;
				SWIFT_VERSION = 5.0;
				TARGETED_DEVICE_FAMILY = "1,2";
				TEST_TARGET_NAME = ebukharev_1PW2;
			};
			name = Debug;
		};
		67F6AB5E2AD5DACF002D55F9 /* Release */ = {
			isa = XCBuildConfiguration;
			buildSettings = {
				ALWAYS_EMBED_SWIFT_STANDARD_LIBRARIES = YES;
				CODE_SIGN_STYLE = Automatic;
				CURRENT_PROJECT_VERSION = 1;
				GENERATE_INFOPLIST_FILE = YES;
				MARKETING_VERSION = 1.0;
				PRODUCT_BUNDLE_IDENTIFIER = "EmpireProd.ebukharev-1PW2UITests";
				PRODUCT_NAME = "$(TARGET_NAME)";
				SWIFT_EMIT_LOC_STRINGS = NO;
				SWIFT_VERSION = 5.0;
				TARGETED_DEVICE_FAMILY = "1,2";
				TEST_TARGET_NAME = ebukharev_1PW2;
			};
			name = Release;
		};
/* End XCBuildConfiguration section */

/* Begin XCConfigurationList section */
		67F6AB272AD5DACE002D55F9 /* Build configuration list for PBXProject "ebukharev_1PW2" */ = {
			isa = XCConfigurationList;
			buildConfigurations = (
				67F6AB542AD5DACF002D55F9 /* Debug */,
				67F6AB552AD5DACF002D55F9 /* Release */,
			);
			defaultConfigurationIsVisible = 0;
			defaultConfigurationName = Release;
		};
		67F6AB562AD5DACF002D55F9 /* Build configuration list for PBXNativeTarget "ebukharev_1PW2" */ = {
			isa = XCConfigurationList;
			buildConfigurations = (
				67F6AB572AD5DACF002D55F9 /* Debug */,
				67F6AB582AD5DACF002D55F9 /* Release */,
			);
			defaultConfigurationIsVisible = 0;
			defaultConfigurationName = Release;
		};
		67F6AB592AD5DACF002D55F9 /* Build configuration list for PBXNativeTarget "ebukharev_1PW2Tests" */ = {
			isa = XCConfigurationList;
			buildConfigurations = (
				67F6AB5A2AD5DACF002D55F9 /* Debug */,
				67F6AB5B2AD5DACF002D55F9 /* Release */,
			);
			defaultConfigurationIsVisible = 0;
			defaultConfigurationName = Release;
		};
		67F6AB5C2AD5DACF002D55F9 /* Build configuration list for PBXNativeTarget "ebukharev_1PW2UITests" */ = {
			isa = XCConfigurationList;
			buildConfigurations = (
				67F6AB5D2AD5DACF002D55F9 /* Debug */,
				67F6AB5E2AD5DACF002D55F9 /* Release */,
			);
			defaultConfigurationIsVisible = 0;
			defaultConfigurationName = Release;
		};
/* End XCConfigurationList section */
	};
	rootObject = 67F6AB242AD5DACE002D55F9 /* Project object */;
}
